
Microsoft Visual Studio Solution File, Format Version 12.00
# Visual Studio Version 17
VisualStudioVersion = 17.0.31903.59
MinimumVisualStudioVersion = 10.0.40219.1
Project("{FAE04EC0-301F-11D3-BF4B-00C04F79EFBC}") = "PostgreSignalR", "PostgreSignalR\PostgreSignalR.csproj", "{5CE87AAA-4FF0-4EFD-84C8-624D049AA586}"
EndProject
Project("{FAE04EC0-301F-11D3-BF4B-00C04F79EFBC}") = "PostgreSignalR.IntegrationTests", "PostgreSignalR.IntegrationTests\PostgreSignalR.IntegrationTests.csproj", "{9F9C3CE0-2075-409A-9AF9-49066C0B2A9B}"
EndProject
Project("{FAE04EC0-301F-11D3-BF4B-00C04F79EFBC}") = "PostgreSignalR.IntegrationTests.App", "PostgreSignalR.IntegrationTests.App\PostgreSignalR.IntegrationTests.App.csproj", "{CDBBF5C8-2F41-417F-A709-D013114ED6FA}"
EndProject
Global
	GlobalSection(SolutionConfigurationPlatforms) = preSolution
		Debug|Any CPU = Debug|Any CPU
		Debug|x64 = Debug|x64
		Debug|x86 = Debug|x86
		Release|Any CPU = Release|Any CPU
		Release|x64 = Release|x64
		Release|x86 = Release|x86
	EndGlobalSection
	GlobalSection(ProjectConfigurationPlatforms) = postSolution
		{5CE87AAA-4FF0-4EFD-84C8-624D049AA586}.Debug|Any CPU.ActiveCfg = Debug|Any CPU
		{5CE87AAA-4FF0-4EFD-84C8-624D049AA586}.Debug|Any CPU.Build.0 = Debug|Any CPU
		{5CE87AAA-4FF0-4EFD-84C8-624D049AA586}.Debug|x64.ActiveCfg = Debug|Any CPU
		{5CE87AAA-4FF0-4EFD-84C8-624D049AA586}.Debug|x64.Build.0 = Debug|Any CPU
		{5CE87AAA-4FF0-4EFD-84C8-624D049AA586}.Debug|x86.ActiveCfg = Debug|Any CPU
		{5CE87AAA-4FF0-4EFD-84C8-624D049AA586}.Debug|x86.Build.0 = Debug|Any CPU
		{5CE87AAA-4FF0-4EFD-84C8-624D049AA586}.Release|Any CPU.ActiveCfg = Release|Any CPU
		{5CE87AAA-4FF0-4EFD-84C8-624D049AA586}.Release|Any CPU.Build.0 = Release|Any CPU
		{5CE87AAA-4FF0-4EFD-84C8-624D049AA586}.Release|x64.ActiveCfg = Release|Any CPU
		{5CE87AAA-4FF0-4EFD-84C8-624D049AA586}.Release|x64.Build.0 = Release|Any CPU
		{5CE87AAA-4FF0-4EFD-84C8-624D049AA586}.Release|x86.ActiveCfg = Release|Any CPU
		{5CE87AAA-4FF0-4EFD-84C8-624D049AA586}.Release|x86.Build.0 = Release|Any CPU
		{9F9C3CE0-2075-409A-9AF9-49066C0B2A9B}.Debug|Any CPU.ActiveCfg = Debug|Any CPU
		{9F9C3CE0-2075-409A-9AF9-49066C0B2A9B}.Debug|Any CPU.Build.0 = Debug|Any CPU
		{9F9C3CE0-2075-409A-9AF9-49066C0B2A9B}.Debug|x64.ActiveCfg = Debug|Any CPU
		{9F9C3CE0-2075-409A-9AF9-49066C0B2A9B}.Debug|x64.Build.0 = Debug|Any CPU
		{9F9C3CE0-2075-409A-9AF9-49066C0B2A9B}.Debug|x86.ActiveCfg = Debug|Any CPU
		{9F9C3CE0-2075-409A-9AF9-49066C0B2A9B}.Debug|x86.Build.0 = Debug|Any CPU
		{9F9C3CE0-2075-409A-9AF9-49066C0B2A9B}.Release|Any CPU.ActiveCfg = Release|Any CPU
		{9F9C3CE0-2075-409A-9AF9-49066C0B2A9B}.Release|Any CPU.Build.0 = Release|Any CPU
		{9F9C3CE0-2075-409A-9AF9-49066C0B2A9B}.Release|x64.ActiveCfg = Release|Any CPU
		{9F9C3CE0-2075-409A-9AF9-49066C0B2A9B}.Release|x64.Build.0 = Release|Any CPU
		{9F9C3CE0-2075-409A-9AF9-49066C0B2A9B}.Release|x86.ActiveCfg = Release|Any CPU
		{9F9C3CE0-2075-409A-9AF9-49066C0B2A9B}.Release|x86.Build.0 = Release|Any CPU
		{CDBBF5C8-2F41-417F-A709-D013114ED6FA}.Debug|Any CPU.ActiveCfg = Debug|Any CPU
		{CDBBF5C8-2F41-417F-A709-D013114ED6FA}.Debug|Any CPU.Build.0 = Debug|Any CPU
		{CDBBF5C8-2F41-417F-A709-D013114ED6FA}.Debug|x64.ActiveCfg = Debug|Any CPU
		{CDBBF5C8-2F41-417F-A709-D013114ED6FA}.Debug|x64.Build.0 = Debug|Any CPU
		{CDBBF5C8-2F41-417F-A709-D013114ED6FA}.Debug|x86.ActiveCfg = Debug|Any CPU
		{CDBBF5C8-2F41-417F-A709-D013114ED6FA}.Debug|x86.Build.0 = Debug|Any CPU
		{CDBBF5C8-2F41-417F-A709-D013114ED6FA}.Release|Any CPU.ActiveCfg = Release|Any CPU
		{CDBBF5C8-2F41-417F-A709-D013114ED6FA}.Release|Any CPU.Build.0 = Release|Any CPU
		{CDBBF5C8-2F41-417F-A709-D013114ED6FA}.Release|x64.ActiveCfg = Release|Any CPU
		{CDBBF5C8-2F41-417F-A709-D013114ED6FA}.Release|x64.Build.0 = Release|Any CPU
		{CDBBF5C8-2F41-417F-A709-D013114ED6FA}.Release|x86.ActiveCfg = Release|Any CPU
		{CDBBF5C8-2F41-417F-A709-D013114ED6FA}.Release|x86.Build.0 = Release|Any CPU
	EndGlobalSection
	GlobalSection(SolutionProperties) = preSolution
		HideSolutionNode = FALSE
	EndGlobalSection
EndGlobal
